
Microsoft Visual Studio Solution File, Format Version 12.00
# Visual Studio Version 17
VisualStudioVersion = 17.14.36930.0 d17.14
MinimumVisualStudioVersion = 10.0.40219.1
Project("{FAE04EC0-301F-11D3-BF4B-00C04F79EFBC}") = "hpc-mange", "hpc-mange\hpc-mange.csproj", "{FAFEF192-D395-4D49-ADF3-571B42CB0F7F}"
EndProject
Global
	GlobalSection(SolutionConfigurationPlatforms) = preSolution
		Debug|Any CPU = Debug|Any CPU
		Release|Any CPU = Release|Any CPU
	EndGlobalSection
	GlobalSection(ProjectConfigurationPlatforms) = postSolution
		{FAFEF192-D395-4D49-ADF3-571B42CB0F7F}.Debug|Any CPU.ActiveCfg = Debug|Any CPU
		{FAFEF192-D395-4D49-ADF3-571B42CB0F7F}.Debug|Any CPU.Build.0 = Debug|Any CPU
		{FAFEF192-D395-4D49-ADF3-571B42CB0F7F}.Debug|Any CPU.Deploy.0 = Debug|Any CPU
		{FAFEF192-D395-4D49-ADF3-571B42CB0F7F}.Release|Any CPU.ActiveCfg = Release|Any CPU
		{FAFEF192-D395-4D49-ADF3-571B42CB0F7F}.Release|Any CPU.Build.0 = Release|Any CPU
		{FAFEF192-D395-4D49-ADF3-571B42CB0F7F}.Release|Any CPU.Deploy.0 = Release|Any CPU
	EndGlobalSection
	GlobalSection(SolutionProperties) = preSolution
		HideSolutionNode = FALSE
	EndGlobalSection
	GlobalSection(ExtensibilityGlobals) = postSolution
		SolutionGuid = {E3D52702-8940-4BFF-A2D9-77E4CEC1677B}
	EndGlobalSection
EndGlobal
